
Microsoft Visual Studio Solution File, Format Version 12.00
# Visual Studio Version 17
VisualStudioVersion = 17.9.34728.123
MinimumVisualStudioVersion = 10.0.40219.1
Project("{FAE04EC0-301F-11D3-BF4B-00C04F79EFBC}") = "Sportik.UWP", "Sportik.UWP\Sportik.UWP.csproj", "{178E3990-11F3-42E3-AD0E-988EBBB3004C}"
EndProject
Project("{FAE04EC0-301F-11D3-BF4B-00C04F79EFBC}") = "Sportik.Core", "Sportik.Core\Sportik.Core.csproj", "{233ACD8F-307A-4D29-85C3-5E5322A2E52C}"
EndProject
Project("{FAE04EC0-301F-11D3-BF4B-00C04F79EFBC}") = "Sportik.Data", "Sportik.Data\Sportik.Data.csproj", "{8724DB54-7473-4D61-8D39-31851B6E605B}"
EndProject
Project("{FAE04EC0-301F-11D3-BF4B-00C04F79EFBC}") = "Sportik.Notification", "Sportik.Notification\Sportik.Notification.csproj", "{EBD98160-DFE8-4E2F-8B01-2683ED6920F2}"
EndProject
Project("{FAE04EC0-301F-11D3-BF4B-00C04F79EFBC}") = "Sportik.Automation", "Sportik.Automation\Sportik.Automation.csproj", "{F20AE7F9-FF8E-4117-8BAB-1CFD84A5F21F}"
EndProject
Project("{FAE04EC0-301F-11D3-BF4B-00C04F79EFBC}") = "Sportik.Sound", "Sportik.Sound\Sportik.Sound.csproj", "{7545C186-BB10-4280-89BC-056DEECDF11A}"
EndProject
Global
	GlobalSection(SolutionConfigurationPlatforms) = preSolution
		Debug|Any CPU = Debug|Any CPU
		Debug|ARM = Debug|ARM
		Debug|ARM64 = Debug|ARM64
		Debug|x64 = Debug|x64
		Debug|x86 = Debug|x86
		Release|Any CPU = Release|Any CPU
		Release|ARM = Release|ARM
		Release|ARM64 = Release|ARM64
		Release|x64 = Release|x64
		Release|x86 = Release|x86
	EndGlobalSection
	GlobalSection(ProjectConfigurationPlatforms) = postSolution
		{178E3990-11F3-42E3-AD0E-988EBBB3004C}.Debug|Any CPU.ActiveCfg = Debug|x64
		{178E3990-11F3-42E3-AD0E-988EBBB3004C}.Debug|Any CPU.Build.0 = Debug|x64
		{178E3990-11F3-42E3-AD0E-988EBBB3004C}.Debug|Any CPU.Deploy.0 = Debug|x64
		{178E3990-11F3-42E3-AD0E-988EBBB3004C}.Debug|ARM.ActiveCfg = Debug|ARM
		{178E3990-11F3-42E3-AD0E-988EBBB3004C}.Debug|ARM.Build.0 = Debug|ARM
		{178E3990-11F3-42E3-AD0E-988EBBB3004C}.Debug|ARM.Deploy.0 = Debug|ARM
		{178E3990-11F3-42E3-AD0E-988EBBB3004C}.Debug|ARM64.ActiveCfg = Debug|ARM64
		{178E3990-11F3-42E3-AD0E-988EBBB3004C}.Debug|ARM64.Build.0 = Debug|ARM64
		{178E3990-11F3-42E3-AD0E-988EBBB3004C}.Debug|ARM64.Deploy.0 = Debug|ARM64
		{178E3990-11F3-42E3-AD0E-988EBBB3004C}.Debug|x64.ActiveCfg = Debug|x64
		{178E3990-11F3-42E3-AD0E-988EBBB3004C}.Debug|x64.Build.0 = Debug|x64
		{178E3990-11F3-42E3-AD0E-988EBBB3004C}.Debug|x64.Deploy.0 = Debug|x64
		{178E3990-11F3-42E3-AD0E-988EBBB3004C}.Debug|x86.ActiveCfg = Debug|x86
		{178E3990-11F3-42E3-AD0E-988EBBB3004C}.Debug|x86.Build.0 = Debug|x86
		{178E3990-11F3-42E3-AD0E-988EBBB3004C}.Debug|x86.Deploy.0 = Debug|x86
		{178E3990-11F3-42E3-AD0E-988EBBB3004C}.Release|Any CPU.ActiveCfg = Release|x64
		{178E3990-11F3-42E3-AD0E-988EBBB3004C}.Release|Any CPU.Build.0 = Release|x64
		{178E3990-11F3-42E3-AD0E-988EBBB3004C}.Release|Any CPU.Deploy.0 = Release|x64
		{178E3990-11F3-42E3-AD0E-988EBBB3004C}.Release|ARM.ActiveCfg = Release|ARM
		{178E3990-11F3-42E3-AD0E-988EBBB3004C}.Release|ARM.Build.0 = Release|ARM
		{178E3990-11F3-42E3-AD0E-988EBBB3004C}.Release|ARM.Deploy.0 = Release|ARM
		{178E3990-11F3-42E3-AD0E-988EBBB3004C}.Release|ARM64.ActiveCfg = Release|ARM64
		{178E3990-11F3-42E3-AD0E-988EBBB3004C}.Release|ARM64.Build.0 = Release|ARM64
		{178E3990-11F3-42E3-AD0E-988EBBB3004C}.Release|ARM64.Deploy.0 = Release|ARM64
		{178E3990-11F3-42E3-AD0E-988EBBB3004C}.Release|x64.ActiveCfg = Release|x64
		{178E3990-11F3-42E3-AD0E-988EBBB3004C}.Release|x64.Build.0 = Release|x64
		{178E3990-11F3-42E3-AD0E-988EBBB3004C}.Release|x64.Deploy.0 = Release|x64
		{178E3990-11F3-42E3-AD0E-988EBBB3004C}.Release|x86.ActiveCfg = Release|x86
		{178E3990-11F3-42E3-AD0E-988EBBB3004C}.Release|x86.Build.0 = Release|x86
		{178E3990-11F3-42E3-AD0E-988EBBB3004C}.Release|x86.Deploy.0 = Release|x86
		{233ACD8F-307A-4D29-85C3-5E5322A2E52C}.Debug|Any CPU.ActiveCfg = Debug|Any CPU
		{233ACD8F-307A-4D29-85C3-5E5322A2E52C}.Debug|Any CPU.Build.0 = Debug|Any CPU
		{233ACD8F-307A-4D29-85C3-5E5322A2E52C}.Debug|ARM.ActiveCfg = Debug|ARM
		{233ACD8F-307A-4D29-85C3-5E5322A2E52C}.Debug|ARM.Build.0 = Debug|ARM
		{233ACD8F-307A-4D29-85C3-5E5322A2E52C}.Debug|ARM64.ActiveCfg = Debug|ARM64
		{233ACD8F-307A-4D29-85C3-5E5322A2E52C}.Debug|ARM64.Build.0 = Debug|ARM64
		{233ACD8F-307A-4D29-85C3-5E5322A2E52C}.Debug|x64.ActiveCfg = Debug|x64
		{233ACD8F-307A-4D29-85C3-5E5322A2E52C}.Debug|x64.Build.0 = Debug|x64
		{233ACD8F-307A-4D29-85C3-5E5322A2E52C}.Debug|x86.ActiveCfg = Debug|x86
		{233ACD8F-307A-4D29-85C3-5E5322A2E52C}.Debug|x86.Build.0 = Debug|x86
		{233ACD8F-307A-4D29-85C3-5E5322A2E52C}.Release|Any CPU.ActiveCfg = Release|Any CPU
		{233ACD8F-307A-4D29-85C3-5E5322A2E52C}.Release|Any CPU.Build.0 = Release|Any CPU
		{233ACD8F-307A-4D29-85C3-5E5322A2E52C}.Release|ARM.ActiveCfg = Release|ARM
		{233ACD8F-307A-4D29-85C3-5E5322A2E52C}.Release|ARM.Build.0 = Release|ARM
		{233ACD8F-307A-4D29-85C3-5E5322A2E52C}.Release|ARM64.ActiveCfg = Release|ARM64
		{233ACD8F-307A-4D29-85C3-5E5322A2E52C}.Release|ARM64.Build.0 = Release|ARM64
		{233ACD8F-307A-4D29-85C3-5E5322A2E52C}.Release|x64.ActiveCfg = Release|x64
		{233ACD8F-307A-4D29-85C3-5E5322A2E52C}.Release|x64.Build.0 = Release|x64
		{233ACD8F-307A-4D29-85C3-5E5322A2E52C}.Release|x86.ActiveCfg = Release|x86
		{233ACD8F-307A-4D29-85C3-5E5322A2E52C}.Release|x86.Build.0 = Release|x86
		{8724DB54-7473-4D61-8D39-31851B6E605B}.Debug|Any CPU.ActiveCfg = Debug|Any CPU
		{8724DB54-7473-4D61-8D39-31851B6E605B}.Debug|Any CPU.Build.0 = Debug|Any CPU
		{8724DB54-7473-4D61-8D39-31851B6E605B}.Debug|ARM.ActiveCfg = Debug|ARM
		{8724DB54-7473-4D61-8D39-31851B6E605B}.Debug|ARM.Build.0 = Debug|ARM
		{8724DB54-7473-4D61-8D39-31851B6E605B}.Debug|ARM64.ActiveCfg = Debug|ARM64
		{8724DB54-7473-4D61-8D39-31851B6E605B}.Debug|ARM64.Build.0 = Debug|ARM64
		{8724DB54-7473-4D61-8D39-31851B6E605B}.Debug|x64.ActiveCfg = Debug|x64
		{8724DB54-7473-4D61-8D39-31851B6E605B}.Debug|x64.Build.0 = Debug|x64
		{8724DB54-7473-4D61-8D39-31851B6E605B}.Debug|x86.ActiveCfg = Debug|x86
		{8724DB54-7473-4D61-8D39-31851B6E605B}.Debug|x86.Build.0 = Debug|x86
		{8724DB54-7473-4D61-8D39-31851B6E605B}.Release|Any CPU.ActiveCfg = Release|Any CPU
		{8724DB54-7473-4D61-8D39-31851B6E605B}.Release|Any CPU.Build.0 = Release|Any CPU
		{8724DB54-7473-4D61-8D39-31851B6E605B}.Release|ARM.ActiveCfg = Release|ARM
		{8724DB54-7473-4D61-8D39-31851B6E605B}.Release|ARM.Build.0 = Release|ARM
		{8724DB54-7473-4D61-8D39-31851B6E605B}.Release|ARM64.ActiveCfg = Release|ARM64
		{8724DB54-7473-4D61-8D39-31851B6E605B}.Release|ARM64.Build.0 = Release|ARM64
		{8724DB54-7473-4D61-8D39-31851B6E605B}.Release|x64.ActiveCfg = Release|x64
		{8724DB54-7473-4D61-8D39-31851B6E605B}.Release|x64.Build.0 = Release|x64
		{8724DB54-7473-4D61-8D39-31851B6E605B}.Release|x86.ActiveCfg = Release|x86
		{8724DB54-7473-4D61-8D39-31851B6E605B}.Release|x86.Build.0 = Release|x86
		{EBD98160-DFE8-4E2F-8B01-2683ED6920F2}.Debug|Any CPU.ActiveCfg = Debug|Any CPU
		{EBD98160-DFE8-4E2F-8B01-2683ED6920F2}.Debug|Any CPU.Build.0 = Debug|Any CPU
		{EBD98160-DFE8-4E2F-8B01-2683ED6920F2}.Debug|ARM.ActiveCfg = Debug|ARM
		{EBD98160-DFE8-4E2F-8B01-2683ED6920F2}.Debug|ARM.Build.0 = Debug|ARM
		{EBD98160-DFE8-4E2F-8B01-2683ED6920F2}.Debug|ARM64.ActiveCfg = Debug|ARM64
		{EBD98160-DFE8-4E2F-8B01-2683ED6920F2}.Debug|ARM64.Build.0 = Debug|ARM64
		{EBD98160-DFE8-4E2F-8B01-2683ED6920F2}.Debug|x64.ActiveCfg = Debug|x64
		{EBD98160-DFE8-4E2F-8B01-2683ED6920F2}.Debug|x64.Build.0 = Debug|x64
		{EBD98160-DFE8-4E2F-8B01-2683ED6920F2}.Debug|x86.ActiveCfg = Debug|x86
		{EBD98160-DFE8-4E2F-8B01-2683ED6920F2}.Debug|x86.Build.0 = Debug|x86
		{EBD98160-DFE8-4E2F-8B01-2683ED6920F2}.Release|Any CPU.ActiveCfg = Release|Any CPU
		{EBD98160-DFE8-4E2F-8B01-2683ED6920F2}.Release|Any CPU.Build.0 = Release|Any CPU
		{EBD98160-DFE8-4E2F-8B01-2683ED6920F2}.Release|ARM.ActiveCfg = Release|ARM
		{EBD98160-DFE8-4E2F-8B01-2683ED6920F2}.Release|ARM.Build.0 = Release|ARM
		{EBD98160-DFE8-4E2F-8B01-2683ED6920F2}.Release|ARM64.ActiveCfg = Release|ARM64
		{EBD98160-DFE8-4E2F-8B01-2683ED6920F2}.Release|ARM64.Build.0 = Release|ARM64
		{EBD98160-DFE8-4E2F-8B01-2683ED6920F2}.Release|x64.ActiveCfg = Release|x64
		{EBD98160-DFE8-4E2F-8B01-2683ED6920F2}.Release|x64.Build.0 = Release|x64
		{EBD98160-DFE8-4E2F-8B01-2683ED6920F2}.Release|x86.ActiveCfg = Release|x86
		{EBD98160-DFE8-4E2F-8B01-2683ED6920F2}.Release|x86.Build.0 = Release|x86
		{F20AE7F9-FF8E-4117-8BAB-1CFD84A5F21F}.Debug|Any CPU.ActiveCfg = Debug|Any CPU
		{F20AE7F9-FF8E-4117-8BAB-1CFD84A5F21F}.Debug|Any CPU.Build.0 = Debug|Any CPU
		{F20AE7F9-FF8E-4117-8BAB-1CFD84A5F21F}.Debug|ARM.ActiveCfg = Debug|ARM
		{F20AE7F9-FF8E-4117-8BAB-1CFD84A5F21F}.Debug|ARM.Build.0 = Debug|ARM
		{F20AE7F9-FF8E-4117-8BAB-1CFD84A5F21F}.Debug|ARM64.ActiveCfg = Debug|ARM64
		{F20AE7F9-FF8E-4117-8BAB-1CFD84A5F21F}.Debug|ARM64.Build.0 = Debug|ARM64
		{F20AE7F9-FF8E-4117-8BAB-1CFD84A5F21F}.Debug|x64.ActiveCfg = Debug|x64
		{F20AE7F9-FF8E-4117-8BAB-1CFD84A5F21F}.Debug|x64.Build.0 = Debug|x64
		{F20AE7F9-FF8E-4117-8BAB-1CFD84A5F21F}.Debug|x86.ActiveCfg = Debug|x86
		{F20AE7F9-FF8E-4117-8BAB-1CFD84A5F21F}.Debug|x86.Build.0 = Debug|x86
		{F20AE7F9-FF8E-4117-8BAB-1CFD84A5F21F}.Release|Any CPU.ActiveCfg = Release|Any CPU
		{F20AE7F9-FF8E-4117-8BAB-1CFD84A5F21F}.Release|Any CPU.Build.0 = Release|Any CPU
		{F20AE7F9-FF8E-4117-8BAB-1CFD84A5F21F}.Release|ARM.ActiveCfg = Release|ARM
		{F20AE7F9-FF8E-4117-8BAB-1CFD84A5F21F}.Release|ARM.Build.0 = Release|ARM
		{F20AE7F9-FF8E-4117-8BAB-1CFD84A5F21F}.Release|ARM64.ActiveCfg = Release|ARM64
		{F20AE7F9-FF8E-4117-8BAB-1CFD84A5F21F}.Release|ARM64.Build.0 = Release|ARM64
		{F20AE7F9-FF8E-4117-8BAB-1CFD84A5F21F}.Release|x64.ActiveCfg = Release|x64
		{F20AE7F9-FF8E-4117-8BAB-1CFD84A5F21F}.Release|x64.Build.0 = Release|x64
		{F20AE7F9-FF8E-4117-8BAB-1CFD84A5F21F}.Release|x86.ActiveCfg = Release|x86
		{F20AE7F9-FF8E-4117-8BAB-1CFD84A5F21F}.Release|x86.Build.0 = Release|x86
		{7545C186-BB10-4280-89BC-056DEECDF11A}.Debug|Any CPU.ActiveCfg = Debug|Any CPU
		{7545C186-BB10-4280-89BC-056DEECDF11A}.Debug|Any CPU.Build.0 = Debug|Any CPU
		{7545C186-BB10-4280-89BC-056DEECDF11A}.Debug|ARM.ActiveCfg = Debug|ARM
		{7545C186-BB10-4280-89BC-056DEECDF11A}.Debug|ARM.Build.0 = Debug|ARM
		{7545C186-BB10-4280-89BC-056DEECDF11A}.Debug|ARM64.ActiveCfg = Debug|ARM64
		{7545C186-BB10-4280-89BC-056DEECDF11A}.Debug|ARM64.Build.0 = Debug|ARM64
		{7545C186-BB10-4280-89BC-056DEECDF11A}.Debug|x64.ActiveCfg = Debug|x64
		{7545C186-BB10-4280-89BC-056DEECDF11A}.Debug|x64.Build.0 = Debug|x64
		{7545C186-BB10-4280-89BC-056DEECDF11A}.Debug|x86.ActiveCfg = Debug|x86
		{7545C186-BB10-4280-89BC-056DEECDF11A}.Debug|x86.Build.0 = Debug|x86
		{7545C186-BB10-4280-89BC-056DEECDF11A}.Release|Any CPU.ActiveCfg = Release|Any CPU
		{7545C186-BB10-4280-89BC-056DEECDF11A}.Release|Any CPU.Build.0 = Release|Any CPU
		{7545C186-BB10-4280-89BC-056DEECDF11A}.Release|ARM.ActiveCfg = Release|ARM
		{7545C186-BB10-4280-89BC-056DEECDF11A}.Release|ARM.Build.0 = Release|ARM
		{7545C186-BB10-4280-89BC-056DEECDF11A}.Release|ARM64.ActiveCfg = Release|ARM64
		{7545C186-BB10-4280-89BC-056DEECDF11A}.Release|ARM64.Build.0 = Release|ARM64
		{7545C186-BB10-4280-89BC-056DEECDF11A}.Release|x64.ActiveCfg = Release|x64
		{7545C186-BB10-4280-89BC-056DEECDF11A}.Release|x64.Build.0 = Release|x64
		{7545C186-BB10-4280-89BC-056DEECDF11A}.Release|x86.ActiveCfg = Release|x86
		{7545C186-BB10-4280-89BC-056DEECDF11A}.Release|x86.Build.0 = Release|x86
	EndGlobalSection
	GlobalSection(SolutionProperties) = preSolution
		HideSolutionNode = FALSE
	EndGlobalSection
	GlobalSection(ExtensibilityGlobals) = postSolution
		SolutionGuid = {2542845D-16C2-413C-9560-A102CE96108E}
	EndGlobalSection
EndGlobal
